
Microsoft Visual Studio Solution File, Format Version 12.00
# Visual Studio Version 16
VisualStudioVersion = 16.0.30717.126
MinimumVisualStudioVersion = 10.0.40219.1
Project("{FAE04EC0-301F-11D3-BF4B-00C04F79EFBC}") = "agro-data-api", "agro-data-api\agro-data-api.csproj", "{765D8B98-F077-4132-AAEF-D2F2B942443C}"
EndProject
Project("{FAE04EC0-301F-11D3-BF4B-00C04F79EFBC}") = "agro-data-models", "agro-data-models\agro-data-models.csproj", "{AB9D2238-67D1-4F22-B942-4C1DBED4D628}"
EndProject
Global
	GlobalSection(SolutionConfigurationPlatforms) = preSolution
		Debug|Any CPU = Debug|Any CPU
		Release|Any CPU = Release|Any CPU
	EndGlobalSection
	GlobalSection(ProjectConfigurationPlatforms) = postSolution
		{765D8B98-F077-4132-AAEF-D2F2B942443C}.Debug|Any CPU.ActiveCfg = Debug|Any CPU
		{765D8B98-F077-4132-AAEF-D2F2B942443C}.Debug|Any CPU.Build.0 = Debug|Any CPU
		{765D8B98-F077-4132-AAEF-D2F2B942443C}.Release|Any CPU.ActiveCfg = Release|Any CPU
		{765D8B98-F077-4132-AAEF-D2F2B942443C}.Release|Any CPU.Build.0 = Release|Any CPU
		{AB9D2238-67D1-4F22-B942-4C1DBED4D628}.Debug|Any CPU.ActiveCfg = Debug|Any CPU
		{AB9D2238-67D1-4F22-B942-4C1DBED4D628}.Debug|Any CPU.Build.0 = Debug|Any CPU
		{AB9D2238-67D1-4F22-B942-4C1DBED4D628}.Release|Any CPU.ActiveCfg = Release|Any CPU
		{AB9D2238-67D1-4F22-B942-4C1DBED4D628}.Release|Any CPU.Build.0 = Release|Any CPU
	EndGlobalSection
	GlobalSection(SolutionProperties) = preSolution
		HideSolutionNode = FALSE
	EndGlobalSection
	GlobalSection(ExtensibilityGlobals) = postSolution
		SolutionGuid = {67956E95-D938-4BA4-9648-1BC1E0C7DC34}
	EndGlobalSection
EndGlobal
